
Microsoft Visual Studio Solution File, Format Version 12.00
# Visual Studio Version 16
VisualStudioVersion = 16.0.31515.178
MinimumVisualStudioVersion = 10.0.40219.1
Project("{888888A0-9F3D-457C-B088-3A5042F75D52}") = "Invoice Line Item Calculator", "Invoice Line Item Calculator.pyproj", "{9EAA855E-D3F1-4029-9131-D80C71994F74}"
EndProject
Global
	GlobalSection(SolutionConfigurationPlatforms) = preSolution
		Debug|Any CPU = Debug|Any CPU
		Release|Any CPU = Release|Any CPU
	EndGlobalSection
	GlobalSection(ProjectConfigurationPlatforms) = postSolution
		{9EAA855E-D3F1-4029-9131-D80C71994F74}.Debug|Any CPU.ActiveCfg = Debug|Any CPU
		{9EAA855E-D3F1-4029-9131-D80C71994F74}.Release|Any CPU.ActiveCfg = Release|Any CPU
	EndGlobalSection
	GlobalSection(SolutionProperties) = preSolution
		HideSolutionNode = FALSE
	EndGlobalSection
	GlobalSection(ExtensibilityGlobals) = postSolution
		SolutionGuid = {A1D22B12-429E-4E8B-A5A2-0512B4F59426}
	EndGlobalSection
EndGlobal
